// !$*UTF8*$!
{
	archiveVersion = 1;
	classes = {
	};
	objectVersion = 55;
	objects = {

/* Begin PBXBuildFile section */
		F32D635928DB53240024A629 /* LoginView.swift in Sources */ = {isa = PBXBuildFile; fileRef = F32D635828DB53240024A629 /* LoginView.swift */; };
		F39011A728DA1010008E29EC /* AppDelegate.swift in Sources */ = {isa = PBXBuildFile; fileRef = F39011A628DA1010008E29EC /* AppDelegate.swift */; };
		F39011AB28DA1010008E29EC /* LoginViewController.swift in Sources */ = {isa = PBXBuildFile; fileRef = F39011AA28DA1010008E29EC /* LoginViewController.swift */; };
		F39011B028DA1012008E29EC /* Assets.xcassets in Resources */ = {isa = PBXBuildFile; fileRef = F39011AF28DA1012008E29EC /* Assets.xcassets */; };
		F39011B328DA1012008E29EC /* LaunchScreen.storyboard in Resources */ = {isa = PBXBuildFile; fileRef = F39011B128DA1012008E29EC /* LaunchScreen.storyboard */; };
		F3DF344028DF540300237AA5 /* OnboardingContainerViewController.swift in Sources */ = {isa = PBXBuildFile; fileRef = F3DF343F28DF540300237AA5 /* OnboardingContainerViewController.swift */; };
		F3DF344428E06CDC00237AA5 /* OnboardingViewController.swift in Sources */ = {isa = PBXBuildFile; fileRef = F3DF344328E06CDC00237AA5 /* OnboardingViewController.swift */; };
		F3DF344628E201C600237AA5 /* DummyViewController.swift in Sources */ = {isa = PBXBuildFile; fileRef = F3DF344528E201C600237AA5 /* DummyViewController.swift */; };
		F3DF344928E48E4100237AA5 /* LocalState.swift in Sources */ = {isa = PBXBuildFile; fileRef = F3DF344828E48E4100237AA5 /* LocalState.swift */; };
		F3DF344B28E48F9C00237AA5 /* MainViewController.swift in Sources */ = {isa = PBXBuildFile; fileRef = F3DF344A28E48F9C00237AA5 /* MainViewController.swift */; };
		F3DF344D28E4924500237AA5 /* UIViewController+Utils.swift in Sources */ = {isa = PBXBuildFile; fileRef = F3DF344C28E4924500237AA5 /* UIViewController+Utils.swift */; };
		F3DF345028E4995C00237AA5 /* AccountSummaryViewController.swift in Sources */ = {isa = PBXBuildFile; fileRef = F3DF344F28E4995C00237AA5 /* AccountSummaryViewController.swift */; };
		F3DF345228E49BA800237AA5 /* AccountSummaryHeaderView.swift in Sources */ = {isa = PBXBuildFile; fileRef = F3DF345128E49BA800237AA5 /* AccountSummaryHeaderView.swift */; };
		F3DF345428E5CCA000237AA5 /* AccountSummaryCell.swift in Sources */ = {isa = PBXBuildFile; fileRef = F3DF345328E5CCA000237AA5 /* AccountSummaryCell.swift */; };
		F3DF345628E714CF00237AA5 /* CurrencyFormatter.swift in Sources */ = {isa = PBXBuildFile; fileRef = F3DF345528E714CF00237AA5 /* CurrencyFormatter.swift */; };
		F3DF345E28E7159D00237AA5 /* BankeyUnitTests.swift in Sources */ = {isa = PBXBuildFile; fileRef = F3DF345D28E7159D00237AA5 /* BankeyUnitTests.swift */; };
		F3DF346728E71DBE00237AA5 /* AccountModel.swift in Sources */ = {isa = PBXBuildFile; fileRef = F3DF346628E71DBE00237AA5 /* AccountModel.swift */; };
		F3DF346928E71E9500237AA5 /* AccountViewModel.swift in Sources */ = {isa = PBXBuildFile; fileRef = F3DF346828E71E9500237AA5 /* AccountViewModel.swift */; };
		F3DF346B28E7F98C00237AA5 /* NSNotificationName.swift in Sources */ = {isa = PBXBuildFile; fileRef = F3DF346A28E7F98C00237AA5 /* NSNotificationName.swift */; };
		F3DF346D28E7FC5F00237AA5 /* UITextField+SecureToggle.swift in Sources */ = {isa = PBXBuildFile; fileRef = F3DF346C28E7FC5F00237AA5 /* UITextField+SecureToggle.swift */; };
		F3DF347028EC507600237AA5 /* ShakeBellView.swift in Sources */ = {isa = PBXBuildFile; fileRef = F3DF346F28EC507600237AA5 /* ShakeBellView.swift */; };
/* End PBXBuildFile section */

/* Begin PBXContainerItemProxy section */
		F3DF345F28E7159D00237AA5 /* PBXContainerItemProxy */ = {
			isa = PBXContainerItemProxy;
			containerPortal = F390119B28DA1010008E29EC /* Project object */;
			proxyType = 1;
			remoteGlobalIDString = F39011A228DA1010008E29EC;
			remoteInfo = Bankey;
		};
/* End PBXContainerItemProxy section */

/* Begin PBXFileReference section */
		F32D635828DB53240024A629 /* LoginView.swift */ = {isa = PBXFileReference; lastKnownFileType = sourcecode.swift; path = LoginView.swift; sourceTree = "<group>"; };
		F39011A328DA1010008E29EC /* Bankey.app */ = {isa = PBXFileReference; explicitFileType = wrapper.application; includeInIndex = 0; path = Bankey.app; sourceTree = BUILT_PRODUCTS_DIR; };
		F39011A628DA1010008E29EC /* AppDelegate.swift */ = {isa = PBXFileReference; lastKnownFileType = sourcecode.swift; path = AppDelegate.swift; sourceTree = "<group>"; };
		F39011AA28DA1010008E29EC /* LoginViewController.swift */ = {isa = PBXFileReference; lastKnownFileType = sourcecode.swift; path = LoginViewController.swift; sourceTree = "<group>"; };
		F39011AF28DA1012008E29EC /* Assets.xcassets */ = {isa = PBXFileReference; lastKnownFileType = folder.assetcatalog; path = Assets.xcassets; sourceTree = "<group>"; };
		F39011B228DA1012008E29EC /* Base */ = {isa = PBXFileReference; lastKnownFileType = file.storyboard; name = Base; path = Base.lproj/LaunchScreen.storyboard; sourceTree = "<group>"; };
		F39011B428DA1012008E29EC /* Info.plist */ = {isa = PBXFileReference; lastKnownFileType = text.plist.xml; path = Info.plist; sourceTree = "<group>"; };
		F3DF343F28DF540300237AA5 /* OnboardingContainerViewController.swift */ = {isa = PBXFileReference; lastKnownFileType = sourcecode.swift; path = OnboardingContainerViewController.swift; sourceTree = "<group>"; };
		F3DF344328E06CDC00237AA5 /* OnboardingViewController.swift */ = {isa = PBXFileReference; lastKnownFileType = sourcecode.swift; path = OnboardingViewController.swift; sourceTree = "<group>"; };
		F3DF344528E201C600237AA5 /* DummyViewController.swift */ = {isa = PBXFileReference; lastKnownFileType = sourcecode.swift; path = DummyViewController.swift; sourceTree = "<group>"; };
		F3DF344828E48E4100237AA5 /* LocalState.swift */ = {isa = PBXFileReference; lastKnownFileType = sourcecode.swift; path = LocalState.swift; sourceTree = "<group>"; };
		F3DF344A28E48F9C00237AA5 /* MainViewController.swift */ = {isa = PBXFileReference; lastKnownFileType = sourcecode.swift; path = MainViewController.swift; sourceTree = "<group>"; };
		F3DF344C28E4924500237AA5 /* UIViewController+Utils.swift */ = {isa = PBXFileReference; lastKnownFileType = sourcecode.swift; path = "UIViewController+Utils.swift"; sourceTree = "<group>"; };
		F3DF344F28E4995C00237AA5 /* AccountSummaryViewController.swift */ = {isa = PBXFileReference; lastKnownFileType = sourcecode.swift; path = AccountSummaryViewController.swift; sourceTree = "<group>"; };
		F3DF345128E49BA800237AA5 /* AccountSummaryHeaderView.swift */ = {isa = PBXFileReference; lastKnownFileType = sourcecode.swift; path = AccountSummaryHeaderView.swift; sourceTree = "<group>"; };
		F3DF345328E5CCA000237AA5 /* AccountSummaryCell.swift */ = {isa = PBXFileReference; lastKnownFileType = sourcecode.swift; path = AccountSummaryCell.swift; sourceTree = "<group>"; };
		F3DF345528E714CF00237AA5 /* CurrencyFormatter.swift */ = {isa = PBXFileReference; lastKnownFileType = sourcecode.swift; path = CurrencyFormatter.swift; sourceTree = "<group>"; };
		F3DF345B28E7159D00237AA5 /* BankeyUnitTests.xctest */ = {isa = PBXFileReference; explicitFileType = wrapper.cfbundle; includeInIndex = 0; path = BankeyUnitTests.xctest; sourceTree = BUILT_PRODUCTS_DIR; };
		F3DF345D28E7159D00237AA5 /* BankeyUnitTests.swift */ = {isa = PBXFileReference; lastKnownFileType = sourcecode.swift; path = BankeyUnitTests.swift; sourceTree = "<group>"; };
		F3DF346628E71DBE00237AA5 /* AccountModel.swift */ = {isa = PBXFileReference; lastKnownFileType = sourcecode.swift; path = AccountModel.swift; sourceTree = "<group>"; };
		F3DF346828E71E9500237AA5 /* AccountViewModel.swift */ = {isa = PBXFileReference; lastKnownFileType = sourcecode.swift; path = AccountViewModel.swift; sourceTree = "<group>"; };
		F3DF346A28E7F98C00237AA5 /* NSNotificationName.swift */ = {isa = PBXFileReference; lastKnownFileType = sourcecode.swift; path = NSNotificationName.swift; sourceTree = "<group>"; };
		F3DF346C28E7FC5F00237AA5 /* UITextField+SecureToggle.swift */ = {isa = PBXFileReference; lastKnownFileType = sourcecode.swift; path = "UITextField+SecureToggle.swift"; sourceTree = "<group>"; };
		F3DF346F28EC507600237AA5 /* ShakeBellView.swift */ = {isa = PBXFileReference; lastKnownFileType = sourcecode.swift; path = ShakeBellView.swift; sourceTree = "<group>"; };
/* End PBXFileReference section */

/* Begin PBXFrameworksBuildPhase section */
		F39011A028DA1010008E29EC /* Frameworks */ = {
			isa = PBXFrameworksBuildPhase;
			buildActionMask = 2147483647;
			files = (
			);
			runOnlyForDeploymentPostprocessing = 0;
		};
		F3DF345828E7159D00237AA5 /* Frameworks */ = {
			isa = PBXFrameworksBuildPhase;
			buildActionMask = 2147483647;
			files = (
			);
			runOnlyForDeploymentPostprocessing = 0;
		};
/* End PBXFrameworksBuildPhase section */

/* Begin PBXGroup section */
		F390119A28DA1010008E29EC = {
			isa = PBXGroup;
			children = (
				F39011A528DA1010008E29EC /* Bankey */,
				F3DF345C28E7159D00237AA5 /* BankeyUnitTests */,
				F39011A428DA1010008E29EC /* Products */,
			);
			sourceTree = "<group>";
		};
		F39011A428DA1010008E29EC /* Products */ = {
			isa = PBXGroup;
			children = (
				F39011A328DA1010008E29EC /* Bankey.app */,
				F3DF345B28E7159D00237AA5 /* BankeyUnitTests.xctest */,
			);
			name = Products;
			sourceTree = "<group>";
		};
		F39011A528DA1010008E29EC /* Bankey */ = {
			isa = PBXGroup;
			children = (
				F39011A628DA1010008E29EC /* AppDelegate.swift */,
				F3DF344A28E48F9C00237AA5 /* MainViewController.swift */,
				F3DF346E28EC506200237AA5 /* Components */,
				F39011DB28DB39F8008E29EC /* Login */,
				F3DF343E28DF4FD600237AA5 /* Onboarding */,
				F3DF344E28E4993700237AA5 /* AccountSummary */,
				F3DF346428E71D9600237AA5 /* Model */,
				F3DF346528E71DA000237AA5 /* ViewModel */,
				F3DF344728E48DFF00237AA5 /* Utils */,
				F39011DA28DB39AF008E29EC /* Files */,
			);
			path = Bankey;
			sourceTree = "<group>";
		};
		F39011DA28DB39AF008E29EC /* Files */ = {
			isa = PBXGroup;
			children = (
				F39011AF28DA1012008E29EC /* Assets.xcassets */,
				F39011B128DA1012008E29EC /* LaunchScreen.storyboard */,
				F39011B428DA1012008E29EC /* Info.plist */,
			);
			name = Files;
			sourceTree = "<group>";
		};
		F39011DB28DB39F8008E29EC /* Login */ = {
			isa = PBXGroup;
			children = (
				F39011AA28DA1010008E29EC /* LoginViewController.swift */,
				F32D635828DB53240024A629 /* LoginView.swift */,
				F3DF344528E201C600237AA5 /* DummyViewController.swift */,
			);
			path = Login;
			sourceTree = "<group>";
		};
		F3DF343E28DF4FD600237AA5 /* Onboarding */ = {
			isa = PBXGroup;
			children = (
				F3DF343F28DF540300237AA5 /* OnboardingContainerViewController.swift */,
				F3DF344328E06CDC00237AA5 /* OnboardingViewController.swift */,
			);
			path = Onboarding;
			sourceTree = "<group>";
		};
		F3DF344728E48DFF00237AA5 /* Utils */ = {
			isa = PBXGroup;
			children = (
				F3DF344828E48E4100237AA5 /* LocalState.swift */,
				F3DF344C28E4924500237AA5 /* UIViewController+Utils.swift */,
				F3DF346C28E7FC5F00237AA5 /* UITextField+SecureToggle.swift */,
				F3DF345528E714CF00237AA5 /* CurrencyFormatter.swift */,
				F3DF346A28E7F98C00237AA5 /* NSNotificationName.swift */,
			);
			path = Utils;
			sourceTree = "<group>";
		};
		F3DF344E28E4993700237AA5 /* AccountSummary */ = {
			isa = PBXGroup;
			children = (
				F3DF344F28E4995C00237AA5 /* AccountSummaryViewController.swift */,
				F3DF345128E49BA800237AA5 /* AccountSummaryHeaderView.swift */,
				F3DF345328E5CCA000237AA5 /* AccountSummaryCell.swift */,
			);
			path = AccountSummary;
			sourceTree = "<group>";
		};
		F3DF345C28E7159D00237AA5 /* BankeyUnitTests */ = {
			isa = PBXGroup;
			children = (
				F3DF345D28E7159D00237AA5 /* BankeyUnitTests.swift */,
			);
			path = BankeyUnitTests;
			sourceTree = "<group>";
		};
		F3DF346428E71D9600237AA5 /* Model */ = {
			isa = PBXGroup;
			children = (
				F3DF346628E71DBE00237AA5 /* AccountModel.swift */,
			);
			path = Model;
			sourceTree = "<group>";
		};
		F3DF346528E71DA000237AA5 /* ViewModel */ = {
			isa = PBXGroup;
			children = (
				F3DF346828E71E9500237AA5 /* AccountViewModel.swift */,
			);
			path = ViewModel;
			sourceTree = "<group>";
		};
		F3DF346E28EC506200237AA5 /* Components */ = {
			isa = PBXGroup;
			children = (
				F3DF346F28EC507600237AA5 /* ShakeBellView.swift */,
			);
			path = Components;
			sourceTree = "<group>";
		};
/* End PBXGroup section */

/* Begin PBXNativeTarget section */
		F39011A228DA1010008E29EC /* Bankey */ = {
			isa = PBXNativeTarget;
			buildConfigurationList = F39011B728DA1012008E29EC /* Build configuration list for PBXNativeTarget "Bankey" */;
			buildPhases = (
				F390119F28DA1010008E29EC /* Sources */,
				F39011A028DA1010008E29EC /* Frameworks */,
				F39011A128DA1010008E29EC /* Resources */,
			);
			buildRules = (
			);
			dependencies = (
			);
			name = Bankey;
			productName = Bankey;
			productReference = F39011A328DA1010008E29EC /* Bankey.app */;
			productType = "com.apple.product-type.application";
		};
		F3DF345A28E7159D00237AA5 /* BankeyUnitTests */ = {
			isa = PBXNativeTarget;
			buildConfigurationList = F3DF346128E7159D00237AA5 /* Build configuration list for PBXNativeTarget "BankeyUnitTests" */;
			buildPhases = (
				F3DF345728E7159D00237AA5 /* Sources */,
				F3DF345828E7159D00237AA5 /* Frameworks */,
				F3DF345928E7159D00237AA5 /* Resources */,
			);
			buildRules = (
			);
			dependencies = (
				F3DF346028E7159D00237AA5 /* PBXTargetDependency */,
			);
			name = BankeyUnitTests;
			productName = BankeyUnitTests;
			productReference = F3DF345B28E7159D00237AA5 /* BankeyUnitTests.xctest */;
			productType = "com.apple.product-type.bundle.unit-test";
		};
/* End PBXNativeTarget section */

/* Begin PBXProject section */
		F390119B28DA1010008E29EC /* Project object */ = {
			isa = PBXProject;
			attributes = {
				BuildIndependentTargetsInParallel = 1;
				LastSwiftUpdateCheck = 1340;
				LastUpgradeCheck = 1340;
				TargetAttributes = {
					F39011A228DA1010008E29EC = {
						CreatedOnToolsVersion = 13.4.1;
					};
					F3DF345A28E7159D00237AA5 = {
						CreatedOnToolsVersion = 13.4.1;
						TestTargetID = F39011A228DA1010008E29EC;
					};
				};
			};
			buildConfigurationList = F390119E28DA1010008E29EC /* Build configuration list for PBXProject "Bankey" */;
			compatibilityVersion = "Xcode 13.0";
			developmentRegion = en;
			hasScannedForEncodings = 0;
			knownRegions = (
				en,
				Base,
			);
			mainGroup = F390119A28DA1010008E29EC;
			productRefGroup = F39011A428DA1010008E29EC /* Products */;
			projectDirPath = "";
			projectRoot = "";
			targets = (
				F39011A228DA1010008E29EC /* Bankey */,
				F3DF345A28E7159D00237AA5 /* BankeyUnitTests */,
			);
		};
/* End PBXProject section */

/* Begin PBXResourcesBuildPhase section */
		F39011A128DA1010008E29EC /* Resources */ = {
			isa = PBXResourcesBuildPhase;
			buildActionMask = 2147483647;
			files = (
				F39011B328DA1012008E29EC /* LaunchScreen.storyboard in Resources */,
				F39011B028DA1012008E29EC /* Assets.xcassets in Resources */,
			);
			runOnlyForDeploymentPostprocessing = 0;
		};
		F3DF345928E7159D00237AA5 /* Resources */ = {
			isa = PBXResourcesBuildPhase;
			buildActionMask = 2147483647;
			files = (
			);
			runOnlyForDeploymentPostprocessing = 0;
		};
/* End PBXResourcesBuildPhase section */

/* Begin PBXSourcesBuildPhase section */
		F390119F28DA1010008E29EC /* Sources */ = {
			isa = PBXSourcesBuildPhase;
			buildActionMask = 2147483647;
			files = (
				F32D635928DB53240024A629 /* LoginView.swift in Sources */,
				F3DF346928E71E9500237AA5 /* AccountViewModel.swift in Sources */,
				F3DF344928E48E4100237AA5 /* LocalState.swift in Sources */,
				F3DF344D28E4924500237AA5 /* UIViewController+Utils.swift in Sources */,
				F3DF345228E49BA800237AA5 /* AccountSummaryHeaderView.swift in Sources */,
				F3DF346B28E7F98C00237AA5 /* NSNotificationName.swift in Sources */,
				F3DF344628E201C600237AA5 /* DummyViewController.swift in Sources */,
				F3DF344428E06CDC00237AA5 /* OnboardingViewController.swift in Sources */,
				F3DF345628E714CF00237AA5 /* CurrencyFormatter.swift in Sources */,
				F3DF347028EC507600237AA5 /* ShakeBellView.swift in Sources */,
				F3DF345428E5CCA000237AA5 /* AccountSummaryCell.swift in Sources */,
				F39011AB28DA1010008E29EC /* LoginViewController.swift in Sources */,
				F3DF346D28E7FC5F00237AA5 /* UITextField+SecureToggle.swift in Sources */,
				F3DF346728E71DBE00237AA5 /* AccountModel.swift in Sources */,
				F39011A728DA1010008E29EC /* AppDelegate.swift in Sources */,
				F3DF345028E4995C00237AA5 /* AccountSummaryViewController.swift in Sources */,
				F3DF344028DF540300237AA5 /* OnboardingContainerViewController.swift in Sources */,
				F3DF344B28E48F9C00237AA5 /* MainViewController.swift in Sources */,
			);
			runOnlyForDeploymentPostprocessing = 0;
		};
		F3DF345728E7159D00237AA5 /* Sources */ = {
			isa = PBXSourcesBuildPhase;
			buildActionMask = 2147483647;
			files = (
				F3DF345E28E7159D00237AA5 /* BankeyUnitTests.swift in Sources */,
			);
			runOnlyForDeploymentPostprocessing = 0;
		};
/* End PBXSourcesBuildPhase section */

/* Begin PBXTargetDependency section */
		F3DF346028E7159D00237AA5 /* PBXTargetDependency */ = {
			isa = PBXTargetDependency;
			target = F39011A228DA1010008E29EC /* Bankey */;
			targetProxy = F3DF345F28E7159D00237AA5 /* PBXContainerItemProxy */;
		};
/* End PBXTargetDependency section */

/* Begin PBXVariantGroup section */
		F39011B128DA1012008E29EC /* LaunchScreen.storyboard */ = {
			isa = PBXVariantGroup;
			children = (
				F39011B228DA1012008E29EC /* Base */,
			);
			name = LaunchScreen.storyboard;
			sourceTree = "<group>";
		};
/* End PBXVariantGroup section */

/* Begin XCBuildConfiguration section */
		F39011B528DA1012008E29EC /* Debug */ = {
			isa = XCBuildConfiguration;
			buildSettings = {
				ALWAYS_SEARCH_USER_PATHS = NO;
				CLANG_ANALYZER_NONNULL = YES;
				CLANG_ANALYZER_NUMBER_OBJECT_CONVERSION = YES_AGGRESSIVE;
				CLANG_CXX_LANGUAGE_STANDARD = "gnu++17";
				CLANG_ENABLE_MODULES = YES;
				CLANG_ENABLE_OBJC_ARC = YES;
				CLANG_ENABLE_OBJC_WEAK = YES;
				CLANG_WARN_BLOCK_CAPTURE_AUTORELEASING = YES;
				CLANG_WARN_BOOL_CONVERSION = YES;
				CLANG_WARN_COMMA = YES;
				CLANG_WARN_CONSTANT_CONVERSION = YES;
				CLANG_WARN_DEPRECATED_OBJC_IMPLEMENTATIONS = YES;
				CLANG_WARN_DIRECT_OBJC_ISA_USAGE = YES_ERROR;
				CLANG_WARN_DOCUMENTATION_COMMENTS = YES;
				CLANG_WARN_EMPTY_BODY = YES;
				CLANG_WARN_ENUM_CONVERSION = YES;
				CLANG_WARN_INFINITE_RECURSION = YES;
				CLANG_WARN_INT_CONVERSION = YES;
				CLANG_WARN_NON_LITERAL_NULL_CONVERSION = YES;
				CLANG_WARN_OBJC_IMPLICIT_RETAIN_SELF = YES;
				CLANG_WARN_OBJC_LITERAL_CONVERSION = YES;
				CLANG_WARN_OBJC_ROOT_CLASS = YES_ERROR;
				CLANG_WARN_QUOTED_INCLUDE_IN_FRAMEWORK_HEADER = YES;
				CLANG_WARN_RANGE_LOOP_ANALYSIS = YES;
				CLANG_WARN_STRICT_PROTOTYPES = YES;
				CLANG_WARN_SUSPICIOUS_MOVE = YES;
				CLANG_WARN_UNGUARDED_AVAILABILITY = YES_AGGRESSIVE;
				CLANG_WARN_UNREACHABLE_CODE = YES;
				CLANG_WARN__DUPLICATE_METHOD_MATCH = YES;
				COPY_PHASE_STRIP = NO;
				DEBUG_INFORMATION_FORMAT = dwarf;
				ENABLE_STRICT_OBJC_MSGSEND = YES;
				ENABLE_TESTABILITY = YES;
				GCC_C_LANGUAGE_STANDARD = gnu11;
				GCC_DYNAMIC_NO_PIC = NO;
				GCC_NO_COMMON_BLOCKS = YES;
				GCC_OPTIMIZATION_LEVEL = 0;
				GCC_PREPROCESSOR_DEFINITIONS = (
					"DEBUG=1",
					"$(inherited)",
				);
				GCC_WARN_64_TO_32_BIT_CONVERSION = YES;
				GCC_WARN_ABOUT_RETURN_TYPE = YES_ERROR;
				GCC_WARN_UNDECLARED_SELECTOR = YES;
				GCC_WARN_UNINITIALIZED_AUTOS = YES_AGGRESSIVE;
				GCC_WARN_UNUSED_FUNCTION = YES;
				GCC_WARN_UNUSED_VARIABLE = YES;
				IPHONEOS_DEPLOYMENT_TARGET = 15.5;
				MTL_ENABLE_DEBUG_INFO = INCLUDE_SOURCE;
				MTL_FAST_MATH = YES;
				ONLY_ACTIVE_ARCH = YES;
				SDKROOT = iphoneos;
				SWIFT_ACTIVE_COMPILATION_CONDITIONS = DEBUG;
				SWIFT_OPTIMIZATION_LEVEL = "-Onone";
			};
			name = Debug;
		};
		F39011B628DA1012008E29EC /* Release */ = {
			isa = XCBuildConfiguration;
			buildSettings = {
				ALWAYS_SEARCH_USER_PATHS = NO;
				CLANG_ANALYZER_NONNULL = YES;
				CLANG_ANALYZER_NUMBER_OBJECT_CONVERSION = YES_AGGRESSIVE;
				CLANG_CXX_LANGUAGE_STANDARD = "gnu++17";
				CLANG_ENABLE_MODULES = YES;
				CLANG_ENABLE_OBJC_ARC = YES;
				CLANG_ENABLE_OBJC_WEAK = YES;
				CLANG_WARN_BLOCK_CAPTURE_AUTORELEASING = YES;
				CLANG_WARN_BOOL_CONVERSION = YES;
				CLANG_WARN_COMMA = YES;
				CLANG_WARN_CONSTANT_CONVERSION = YES;
				CLANG_WARN_DEPRECATED_OBJC_IMPLEMENTATIONS = YES;
				CLANG_WARN_DIRECT_OBJC_ISA_USAGE = YES_ERROR;
				CLANG_WARN_DOCUMENTATION_COMMENTS = YES;
				CLANG_WARN_EMPTY_BODY = YES;
				CLANG_WARN_ENUM_CONVERSION = YES;
				CLANG_WARN_INFINITE_RECURSION = YES;
				CLANG_WARN_INT_CONVERSION = YES;
				CLANG_WARN_NON_LITERAL_NULL_CONVERSION = YES;
				CLANG_WARN_OBJC_IMPLICIT_RETAIN_SELF = YES;
				CLANG_WARN_OBJC_LITERAL_CONVERSION = YES;
				CLANG_WARN_OBJC_ROOT_CLASS = YES_ERROR;
				CLANG_WARN_QUOTED_INCLUDE_IN_FRAMEWORK_HEADER = YES;
				CLANG_WARN_RANGE_LOOP_ANALYSIS = YES;
				CLANG_WARN_STRICT_PROTOTYPES = YES;
				CLANG_WARN_SUSPICIOUS_MOVE = YES;
				CLANG_WARN_UNGUARDED_AVAILABILITY = YES_AGGRESSIVE;
				CLANG_WARN_UNREACHABLE_CODE = YES;
				CLANG_WARN__DUPLICATE_METHOD_MATCH = YES;
				COPY_PHASE_STRIP = NO;
				DEBUG_INFORMATION_FORMAT = "dwarf-with-dsym";
				ENABLE_NS_ASSERTIONS = NO;
				ENABLE_STRICT_OBJC_MSGSEND = YES;
				GCC_C_LANGUAGE_STANDARD = gnu11;
				GCC_NO_COMMON_BLOCKS = YES;
				GCC_WARN_64_TO_32_BIT_CONVERSION = YES;
				GCC_WARN_ABOUT_RETURN_TYPE = YES_ERROR;
				GCC_WARN_UNDECLARED_SELECTOR = YES;
				GCC_WARN_UNINITIALIZED_AUTOS = YES_AGGRESSIVE;
				GCC_WARN_UNUSED_FUNCTION = YES;
				GCC_WARN_UNUSED_VARIABLE = YES;
				IPHONEOS_DEPLOYMENT_TARGET = 15.5;
				MTL_ENABLE_DEBUG_INFO = NO;
				MTL_FAST_MATH = YES;
				SDKROOT = iphoneos;
				SWIFT_COMPILATION_MODE = wholemodule;
				SWIFT_OPTIMIZATION_LEVEL = "-O";
				VALIDATE_PRODUCT = YES;
			};
			name = Release;
		};
		F39011B828DA1012008E29EC /* Debug */ = {
			isa = XCBuildConfiguration;
			buildSettings = {
				ASSETCATALOG_COMPILER_APPICON_NAME = AppIcon;
				ASSETCATALOG_COMPILER_GLOBAL_ACCENT_COLOR_NAME = AccentColor;
				CODE_SIGN_STYLE = Automatic;
				CURRENT_PROJECT_VERSION = 1;
				DEVELOPMENT_TEAM = TQSL879RXR;
				GENERATE_INFOPLIST_FILE = YES;
				INFOPLIST_FILE = Bankey/Info.plist;
				INFOPLIST_KEY_UIApplicationSupportsIndirectInputEvents = YES;
				INFOPLIST_KEY_UILaunchStoryboardName = LaunchScreen;
				INFOPLIST_KEY_UISupportedInterfaceOrientations_iPad = "UIInterfaceOrientationPortrait UIInterfaceOrientationPortraitUpsideDown UIInterfaceOrientationLandscapeLeft UIInterfaceOrientationLandscapeRight";
				INFOPLIST_KEY_UISupportedInterfaceOrientations_iPhone = "UIInterfaceOrientationPortrait UIInterfaceOrientationLandscapeLeft UIInterfaceOrientationLandscapeRight";
				LD_RUNPATH_SEARCH_PATHS = (
					"$(inherited)",
					"@executable_path/Frameworks",
				);
				MARKETING_VERSION = 1.0;
				PRODUCT_BUNDLE_IDENTIFIER = com.jayunKoo.Bankey;
				PRODUCT_NAME = "$(TARGET_NAME)";
				SWIFT_EMIT_LOC_STRINGS = YES;
				SWIFT_VERSION = 5.0;
				TARGETED_DEVICE_FAMILY = "1,2";
			};
			name = Debug;
		};
		F39011B928DA1012008E29EC /* Release */ = {
			isa = XCBuildConfiguration;
			buildSettings = {
				ASSETCATALOG_COMPILER_APPICON_NAME = AppIcon;
				ASSETCATALOG_COMPILER_GLOBAL_ACCENT_COLOR_NAME = AccentColor;
				CODE_SIGN_STYLE = Automatic;
				CURRENT_PROJECT_VERSION = 1;
				DEVELOPMENT_TEAM = TQSL879RXR;
				GENERATE_INFOPLIST_FILE = YES;
				INFOPLIST_FILE = Bankey/Info.plist;
				INFOPLIST_KEY_UIApplicationSupportsIndirectInputEvents = YES;
				INFOPLIST_KEY_UILaunchStoryboardName = LaunchScreen;
				INFOPLIST_KEY_UISupportedInterfaceOrientations_iPad = "UIInterfaceOrientationPortrait UIInterfaceOrientationPortraitUpsideDown UIInterfaceOrientationLandscapeLeft UIInterfaceOrientationLandscapeRight";
				INFOPLIST_KEY_UISupportedInterfaceOrientations_iPhone = "UIInterfaceOrientationPortrait UIInterfaceOrientationLandscapeLeft UIInterfaceOrientationLandscapeRight";
				LD_RUNPATH_SEARCH_PATHS = (
					"$(inherited)",
					"@executable_path/Frameworks",
				);
				MARKETING_VERSION = 1.0;
				PRODUCT_BUNDLE_IDENTIFIER = com.jayunKoo.Bankey;
				PRODUCT_NAME = "$(TARGET_NAME)";
				SWIFT_EMIT_LOC_STRINGS = YES;
				SWIFT_VERSION = 5.0;
				TARGETED_DEVICE_FAMILY = "1,2";
			};
			name = Release;
		};
		F3DF346228E7159D00237AA5 /* Debug */ = {
			isa = XCBuildConfiguration;
			buildSettings = {
				BUNDLE_LOADER = "$(TEST_HOST)";
				CODE_SIGN_STYLE = Automatic;
				CURRENT_PROJECT_VERSION = 1;
				DEVELOPMENT_TEAM = TQSL879RXR;
				GENERATE_INFOPLIST_FILE = YES;
				MARKETING_VERSION = 1.0;
				PRODUCT_BUNDLE_IDENTIFIER = com.jayunKoo.BankeyUnitTests;
				PRODUCT_NAME = "$(TARGET_NAME)";
				SWIFT_EMIT_LOC_STRINGS = NO;
				SWIFT_VERSION = 5.0;
				TARGETED_DEVICE_FAMILY = "1,2";
				TEST_HOST = "$(BUILT_PRODUCTS_DIR)/Bankey.app/Bankey";
			};
			name = Debug;
		};
		F3DF346328E7159D00237AA5 /* Release */ = {
			isa = XCBuildConfiguration;
			buildSettings = {
				BUNDLE_LOADER = "$(TEST_HOST)";
				CODE_SIGN_STYLE = Automatic;
				CURRENT_PROJECT_VERSION = 1;
				DEVELOPMENT_TEAM = TQSL879RXR;
				GENERATE_INFOPLIST_FILE = YES;
				MARKETING_VERSION = 1.0;
				PRODUCT_BUNDLE_IDENTIFIER = com.jayunKoo.BankeyUnitTests;
				PRODUCT_NAME = "$(TARGET_NAME)";
				SWIFT_EMIT_LOC_STRINGS = NO;
				SWIFT_VERSION = 5.0;
				TARGETED_DEVICE_FAMILY = "1,2";
				TEST_HOST = "$(BUILT_PRODUCTS_DIR)/Bankey.app/Bankey";
			};
			name = Release;
		};
/* End XCBuildConfiguration section */

/* Begin XCConfigurationList section */
		F390119E28DA1010008E29EC /* Build configuration list for PBXProject "Bankey" */ = {
			isa = XCConfigurationList;
			buildConfigurations = (
				F39011B528DA1012008E29EC /* Debug */,
				F39011B628DA1012008E29EC /* Release */,
			);
			defaultConfigurationIsVisible = 0;
			defaultConfigurationName = Release;
		};
		F39011B728DA1012008E29EC /* Build configuration list for PBXNativeTarget "Bankey" */ = {
			isa = XCConfigurationList;
			buildConfigurations = (
				F39011B828DA1012008E29EC /* Debug */,
				F39011B928DA1012008E29EC /* Release */,
			);
			defaultConfigurationIsVisible = 0;
			defaultConfigurationName = Release;
		};
		F3DF346128E7159D00237AA5 /* Build configuration list for PBXNativeTarget "BankeyUnitTests" */ = {
			isa = XCConfigurationList;
			buildConfigurations = (
				F3DF346228E7159D00237AA5 /* Debug */,
				F3DF346328E7159D00237AA5 /* Release */,
			);
			defaultConfigurationIsVisible = 0;
			defaultConfigurationName = Release;
		};
/* End XCConfigurationList section */
	};
	rootObject = F390119B28DA1010008E29EC /* Project object */;
}
